
Microsoft Visual Studio Solution File, Format Version 11.00
# Visual Studio 2010
Project("{E24C65DC-7377-472B-9ABA-BC803B73C61A}") = "TestEngine", ".", "{3C8EEB2B-CC77-4E89-ABDE-3F68CAFEA1EA}"
	ProjectSection(WebsiteProperties) = preProject
		TargetFrameworkMoniker = ".NETFramework,Version%3Dv4.0"
		Debug.AspNetCompiler.VirtualPath = "/TestEngine"
		Debug.AspNetCompiler.PhysicalPath = "..\TestEngine\"
		Debug.AspNetCompiler.TargetPath = "PrecompiledWeb\TestEngine\"
		Debug.AspNetCompiler.Updateable = "true"
		Debug.AspNetCompiler.ForceOverwrite = "true"
		Debug.AspNetCompiler.FixedNames = "false"
		Debug.AspNetCompiler.Debug = "True"
		Release.AspNetCompiler.VirtualPath = "/TestEngine"
		Release.AspNetCompiler.PhysicalPath = "..\TestEngine\"
		Release.AspNetCompiler.TargetPath = "PrecompiledWeb\TestEngine\"
		Release.AspNetCompiler.Updateable = "true"
		Release.AspNetCompiler.ForceOverwrite = "true"
		Release.AspNetCompiler.FixedNames = "false"
		Release.AspNetCompiler.Debug = "False"
		VWDPort = "16907"
	EndProjectSection
EndProject
Global
	GlobalSection(SolutionConfigurationPlatforms) = preSolution
		Debug|Any CPU = Debug|Any CPU
	EndGlobalSection
	GlobalSection(ProjectConfigurationPlatforms) = postSolution
		{3C8EEB2B-CC77-4E89-ABDE-3F68CAFEA1EA}.Debug|Any CPU.ActiveCfg = Debug|Any CPU
		{3C8EEB2B-CC77-4E89-ABDE-3F68CAFEA1EA}.Debug|Any CPU.Build.0 = Debug|Any CPU
	EndGlobalSection
	GlobalSection(SolutionProperties) = preSolution
		HideSolutionNode = FALSE
	EndGlobalSection
EndGlobal
